{
  "originHash" : "bab05d2e05f7186a3d58eee58ff33ea86257303a315225debe3afb32b80a045c",
  "pins" : [
    {
      "identity" : "makemkvkit",
      "kind" : "remoteSourceControl",
      "location" : "https://github.com/project-smd/MakeMKVKit.git",
      "state" : {
        "branch" : "main",
        "revision" : "adbf64bf2ba9eefd3f842ac5f09d0607217e51d0"
      }
    }
  ],
  "version" : 3
}
