{
  "originHash" : "eebfc6741779a2c6d5f864935a1e7cf91e468ea00d4711958a64ef949eb8e42f",
  "pins" : [
    {
      "identity" : "makemkvkit",
      "kind" : "remoteSourceControl",
      "location" : "https://github.com/project-smd/MakeMKVKit.git",
      "state" : {
        "branch" : "main",
        "revision" : "06087684afee8f7f9b5b28a5fd518a6c0b1f9b33"
      }
    },
    {
      "identity" : "vlckit",
      "kind" : "remoteSourceControl",
      "location" : "https://code.videolan.org/videolan/VLCKit.git",
      "state" : {
        "revision" : "6cbc4e7b248aa51ec0906697abb30ecae47194b7",
        "version" : "4.0.0-a24"
      }
    }
  ],
  "version" : 3
}
